// !$*UTF8*$!
{
	archiveVersion = 1;
	classes = {
	};
	objectVersion = 50;
	objects = {

/* Begin PBXBuildFile section */
		F4C11240270F677D00B9CECA /* AppDelegate.swift in Sources */ = {isa = PBXBuildFile; fileRef = F4C1123F270F677D00B9CECA /* AppDelegate.swift */; };
		F4C11242270F677D00B9CECA /* SceneDelegate.swift in Sources */ = {isa = PBXBuildFile; fileRef = F4C11241270F677D00B9CECA /* SceneDelegate.swift */; };
		F4C11244270F677D00B9CECA /* ViewController.swift in Sources */ = {isa = PBXBuildFile; fileRef = F4C11243270F677D00B9CECA /* ViewController.swift */; };
		F4C11247270F677D00B9CECA /* Main.storyboard in Resources */ = {isa = PBXBuildFile; fileRef = F4C11245270F677D00B9CECA /* Main.storyboard */; };
		F4C11249270F677E00B9CECA /* Assets.xcassets in Resources */ = {isa = PBXBuildFile; fileRef = F4C11248270F677E00B9CECA /* Assets.xcassets */; };
		F4C1124C270F677F00B9CECA /* LaunchScreen.storyboard in Resources */ = {isa = PBXBuildFile; fileRef = F4C1124A270F677F00B9CECA /* LaunchScreen.storyboard */; };
		F4C11254270F69F100B9CECA /* CollectionViewCell.swift in Sources */ = {isa = PBXBuildFile; fileRef = F4C11253270F69F100B9CECA /* CollectionViewCell.swift */; };
		F4C11257270FA94200B9CECA /* Model.swift in Sources */ = {isa = PBXBuildFile; fileRef = F4C11256270FA94200B9CECA /* Model.swift */; };
		F4C11259270FC0AD00B9CECA /* NetworkManager.swift in Sources */ = {isa = PBXBuildFile; fileRef = F4C11258270FC0AD00B9CECA /* NetworkManager.swift */; };
/* End PBXBuildFile section */

/* Begin PBXFileReference section */
		F4C1123C270F677D00B9CECA /* Rick and Morty API.app */ = {isa = PBXFileReference; explicitFileType = wrapper.application; includeInIndex = 0; path = "Rick and Morty API.app"; sourceTree = BUILT_PRODUCTS_DIR; };
		F4C1123F270F677D00B9CECA /* AppDelegate.swift */ = {isa = PBXFileReference; lastKnownFileType = sourcecode.swift; path = AppDelegate.swift; sourceTree = "<group>"; };
		F4C11241270F677D00B9CECA /* SceneDelegate.swift */ = {isa = PBXFileReference; lastKnownFileType = sourcecode.swift; path = SceneDelegate.swift; sourceTree = "<group>"; };
		F4C11243270F677D00B9CECA /* ViewController.swift */ = {isa = PBXFileReference; lastKnownFileType = sourcecode.swift; path = ViewController.swift; sourceTree = "<group>"; };
		F4C11246270F677D00B9CECA /* Base */ = {isa = PBXFileReference; lastKnownFileType = file.storyboard; name = Base; path = Base.lproj/Main.storyboard; sourceTree = "<group>"; };
		F4C11248270F677E00B9CECA /* Assets.xcassets */ = {isa = PBXFileReference; lastKnownFileType = folder.assetcatalog; path = Assets.xcassets; sourceTree = "<group>"; };
		F4C1124B270F677F00B9CECA /* Base */ = {isa = PBXFileReference; lastKnownFileType = file.storyboard; name = Base; path = Base.lproj/LaunchScreen.storyboard; sourceTree = "<group>"; };
		F4C1124D270F677F00B9CECA /* Info.plist */ = {isa = PBXFileReference; lastKnownFileType = text.plist.xml; path = Info.plist; sourceTree = "<group>"; };
		F4C11253270F69F100B9CECA /* CollectionViewCell.swift */ = {isa = PBXFileReference; lastKnownFileType = sourcecode.swift; path = CollectionViewCell.swift; sourceTree = "<group>"; };
		F4C11256270FA94200B9CECA /* Model.swift */ = {isa = PBXFileReference; lastKnownFileType = sourcecode.swift; path = Model.swift; sourceTree = "<group>"; };
		F4C11258270FC0AD00B9CECA /* NetworkManager.swift */ = {isa = PBXFileReference; lastKnownFileType = sourcecode.swift; path = NetworkManager.swift; sourceTree = "<group>"; };
/* End PBXFileReference section */

/* Begin PBXFrameworksBuildPhase section */
		F4C11239270F677D00B9CECA /* Frameworks */ = {
			isa = PBXFrameworksBuildPhase;
			buildActionMask = 2147483647;
			files = (
			);
			runOnlyForDeploymentPostprocessing = 0;
		};
/* End PBXFrameworksBuildPhase section */

/* Begin PBXGroup section */
		F4C11233270F677D00B9CECA = {
			isa = PBXGroup;
			children = (
				F4C1123E270F677D00B9CECA /* Rick and Morty API */,
				F4C1123D270F677D00B9CECA /* Products */,
			);
			sourceTree = "<group>";
		};
		F4C1123D270F677D00B9CECA /* Products */ = {
			isa = PBXGroup;
			children = (
				F4C1123C270F677D00B9CECA /* Rick and Morty API.app */,
			);
			name = Products;
			sourceTree = "<group>";
		};
		F4C1123E270F677D00B9CECA /* Rick and Morty API */ = {
			isa = PBXGroup;
			children = (
				F4C11255270FA92C00B9CECA /* Model */,
				F4C1123F270F677D00B9CECA /* AppDelegate.swift */,
				F4C11241270F677D00B9CECA /* SceneDelegate.swift */,
				F4C11245270F677D00B9CECA /* Main.storyboard */,
				F4C11253270F69F100B9CECA /* CollectionViewCell.swift */,
				F4C11243270F677D00B9CECA /* ViewController.swift */,
				F4C11248270F677E00B9CECA /* Assets.xcassets */,
				F4C1124A270F677F00B9CECA /* LaunchScreen.storyboard */,
				F4C1124D270F677F00B9CECA /* Info.plist */,
			);
			path = "Rick and Morty API";
			sourceTree = "<group>";
		};
		F4C11255270FA92C00B9CECA /* Model */ = {
			isa = PBXGroup;
			children = (
				F4C11256270FA94200B9CECA /* Model.swift */,
				F4C11258270FC0AD00B9CECA /* NetworkManager.swift */,
			);
			path = Model;
			sourceTree = "<group>";
		};
/* End PBXGroup section */

/* Begin PBXNativeTarget section */
		F4C1123B270F677D00B9CECA /* Rick and Morty API */ = {
			isa = PBXNativeTarget;
			buildConfigurationList = F4C11250270F677F00B9CECA /* Build configuration list for PBXNativeTarget "Rick and Morty API" */;
			buildPhases = (
				F4C11238270F677D00B9CECA /* Sources */,
				F4C11239270F677D00B9CECA /* Frameworks */,
				F4C1123A270F677D00B9CECA /* Resources */,
			);
			buildRules = (
			);
			dependencies = (
			);
			name = "Rick and Morty API";
			productName = "Rick and Morty API";
			productReference = F4C1123C270F677D00B9CECA /* Rick and Morty API.app */;
			productType = "com.apple.product-type.application";
		};
/* End PBXNativeTarget section */

/* Begin PBXProject section */
		F4C11234270F677D00B9CECA /* Project object */ = {
			isa = PBXProject;
			attributes = {
				LastSwiftUpdateCheck = 1250;
				LastUpgradeCheck = 1250;
				TargetAttributes = {
					F4C1123B270F677D00B9CECA = {
						CreatedOnToolsVersion = 12.5;
					};
				};
			};
			buildConfigurationList = F4C11237270F677D00B9CECA /* Build configuration list for PBXProject "Rick and Morty API" */;
			compatibilityVersion = "Xcode 9.3";
			developmentRegion = en;
			hasScannedForEncodings = 0;
			knownRegions = (
				en,
				Base,
			);
			mainGroup = F4C11233270F677D00B9CECA;
			productRefGroup = F4C1123D270F677D00B9CECA /* Products */;
			projectDirPath = "";
			projectRoot = "";
			targets = (
				F4C1123B270F677D00B9CECA /* Rick and Morty API */,
			);
		};
/* End PBXProject section */

/* Begin PBXResourcesBuildPhase section */
		F4C1123A270F677D00B9CECA /* Resources */ = {
			isa = PBXResourcesBuildPhase;
			buildActionMask = 2147483647;
			files = (
				F4C1124C270F677F00B9CECA /* LaunchScreen.storyboard in Resources */,
				F4C11249270F677E00B9CECA /* Assets.xcassets in Resources */,
				F4C11247270F677D00B9CECA /* Main.storyboard in Resources */,
			);
			runOnlyForDeploymentPostprocessing = 0;
		};
/* End PBXResourcesBuildPhase section */

/* Begin PBXSourcesBuildPhase section */
		F4C11238270F677D00B9CECA /* Sources */ = {
			isa = PBXSourcesBuildPhase;
			buildActionMask = 2147483647;
			files = (
				F4C11259270FC0AD00B9CECA /* NetworkManager.swift in Sources */,
				F4C11257270FA94200B9CECA /* Model.swift in Sources */,
				F4C11244270F677D00B9CECA /* ViewController.swift in Sources */,
				F4C11240270F677D00B9CECA /* AppDelegate.swift in Sources */,
				F4C11254270F69F100B9CECA /* CollectionViewCell.swift in Sources */,
				F4C11242270F677D00B9CECA /* SceneDelegate.swift in Sources */,
			);
			runOnlyForDeploymentPostprocessing = 0;
		};
/* End PBXSourcesBuildPhase section */

/* Begin PBXVariantGroup section */
		F4C11245270F677D00B9CECA /* Main.storyboard */ = {
			isa = PBXVariantGroup;
			children = (
				F4C11246270F677D00B9CECA /* Base */,
			);
			name = Main.storyboard;
			sourceTree = "<group>";
		};
		F4C1124A270F677F00B9CECA /* LaunchScreen.storyboard */ = {
			isa = PBXVariantGroup;
			children = (
				F4C1124B270F677F00B9CECA /* Base */,
			);
			name = LaunchScreen.storyboard;
			sourceTree = "<group>";
		};
/* End PBXVariantGroup section */

/* Begin XCBuildConfiguration section */
		F4C1124E270F677F00B9CECA /* Debug */ = {
			isa = XCBuildConfiguration;
			buildSettings = {
				ALWAYS_SEARCH_USER_PATHS = NO;
				CLANG_ANALYZER_NONNULL = YES;
				CLANG_ANALYZER_NUMBER_OBJECT_CONVERSION = YES_AGGRESSIVE;
				CLANG_CXX_LANGUAGE_STANDARD = "gnu++14";
				CLANG_CXX_LIBRARY = "libc++";
				CLANG_ENABLE_MODULES = YES;
				CLANG_ENABLE_OBJC_ARC = YES;
				CLANG_ENABLE_OBJC_WEAK = YES;
				CLANG_WARN_BLOCK_CAPTURE_AUTORELEASING = YES;
				CLANG_WARN_BOOL_CONVERSION = YES;
				CLANG_WARN_COMMA = YES;
				CLANG_WARN_CONSTANT_CONVERSION = YES;
				CLANG_WARN_DEPRECATED_OBJC_IMPLEMENTATIONS = YES;
				CLANG_WARN_DIRECT_OBJC_ISA_USAGE = YES_ERROR;
				CLANG_WARN_DOCUMENTATION_COMMENTS = YES;
				CLANG_WARN_EMPTY_BODY = YES;
				CLANG_WARN_ENUM_CONVERSION = YES;
				CLANG_WARN_INFINITE_RECURSION = YES;
				CLANG_WARN_INT_CONVERSION = YES;
				CLANG_WARN_NON_LITERAL_NULL_CONVERSION = YES;
				CLANG_WARN_OBJC_IMPLICIT_RETAIN_SELF = YES;
				CLANG_WARN_OBJC_LITERAL_CONVERSION = YES;
				CLANG_WARN_OBJC_ROOT_CLASS = YES_ERROR;
				CLANG_WARN_QUOTED_INCLUDE_IN_FRAMEWORK_HEADER = YES;
				CLANG_WARN_RANGE_LOOP_ANALYSIS = YES;
				CLANG_WARN_STRICT_PROTOTYPES = YES;
				CLANG_WARN_SUSPICIOUS_MOVE = YES;
				CLANG_WARN_UNGUARDED_AVAILABILITY = YES_AGGRESSIVE;
				CLANG_WARN_UNREACHABLE_CODE = YES;
				CLANG_WARN__DUPLICATE_METHOD_MATCH = YES;
				COPY_PHASE_STRIP = NO;
				DEBUG_INFORMATION_FORMAT = dwarf;
				ENABLE_STRICT_OBJC_MSGSEND = YES;
				ENABLE_TESTABILITY = YES;
				GCC_C_LANGUAGE_STANDARD = gnu11;
				GCC_DYNAMIC_NO_PIC = NO;
				GCC_NO_COMMON_BLOCKS = YES;
				GCC_OPTIMIZATION_LEVEL = 0;
				GCC_PREPROCESSOR_DEFINITIONS = (
					"DEBUG=1",
					"$(inherited)",
				);
				GCC_WARN_64_TO_32_BIT_CONVERSION = YES;
				GCC_WARN_ABOUT_RETURN_TYPE = YES_ERROR;
				GCC_WARN_UNDECLARED_SELECTOR = YES;
				GCC_WARN_UNINITIALIZED_AUTOS = YES_AGGRESSIVE;
				GCC_WARN_UNUSED_FUNCTION = YES;
				GCC_WARN_UNUSED_VARIABLE = YES;
				IPHONEOS_DEPLOYMENT_TARGET = 14.5;
				MTL_ENABLE_DEBUG_INFO = INCLUDE_SOURCE;
				MTL_FAST_MATH = YES;
				ONLY_ACTIVE_ARCH = YES;
				SDKROOT = iphoneos;
				SWIFT_ACTIVE_COMPILATION_CONDITIONS = DEBUG;
				SWIFT_OPTIMIZATION_LEVEL = "-Onone";
			};
			name = Debug;
		};
		F4C1124F270F677F00B9CECA /* Release */ = {
			isa = XCBuildConfiguration;
			buildSettings = {
				ALWAYS_SEARCH_USER_PATHS = NO;
				CLANG_ANALYZER_NONNULL = YES;
				CLANG_ANALYZER_NUMBER_OBJECT_CONVERSION = YES_AGGRESSIVE;
				CLANG_CXX_LANGUAGE_STANDARD = "gnu++14";
				CLANG_CXX_LIBRARY = "libc++";
				CLANG_ENABLE_MODULES = YES;
				CLANG_ENABLE_OBJC_ARC = YES;
				CLANG_ENABLE_OBJC_WEAK = YES;
				CLANG_WARN_BLOCK_CAPTURE_AUTORELEASING = YES;
				CLANG_WARN_BOOL_CONVERSION = YES;
				CLANG_WARN_COMMA = YES;
				CLANG_WARN_CONSTANT_CONVERSION = YES;
				CLANG_WARN_DEPRECATED_OBJC_IMPLEMENTATIONS = YES;
				CLANG_WARN_DIRECT_OBJC_ISA_USAGE = YES_ERROR;
				CLANG_WARN_DOCUMENTATION_COMMENTS = YES;
				CLANG_WARN_EMPTY_BODY = YES;
				CLANG_WARN_ENUM_CONVERSION = YES;
				CLANG_WARN_INFINITE_RECURSION = YES;
				CLANG_WARN_INT_CONVERSION = YES;
				CLANG_WARN_NON_LITERAL_NULL_CONVERSION = YES;
				CLANG_WARN_OBJC_IMPLICIT_RETAIN_SELF = YES;
				CLANG_WARN_OBJC_LITERAL_CONVERSION = YES;
				CLANG_WARN_OBJC_ROOT_CLASS = YES_ERROR;
				CLANG_WARN_QUOTED_INCLUDE_IN_FRAMEWORK_HEADER = YES;
				CLANG_WARN_RANGE_LOOP_ANALYSIS = YES;
				CLANG_WARN_STRICT_PROTOTYPES = YES;
				CLANG_WARN_SUSPICIOUS_MOVE = YES;
				CLANG_WARN_UNGUARDED_AVAILABILITY = YES_AGGRESSIVE;
				CLANG_WARN_UNREACHABLE_CODE = YES;
				CLANG_WARN__DUPLICATE_METHOD_MATCH = YES;
				COPY_PHASE_STRIP = NO;
				DEBUG_INFORMATION_FORMAT = "dwarf-with-dsym";
				ENABLE_NS_ASSERTIONS = NO;
				ENABLE_STRICT_OBJC_MSGSEND = YES;
				GCC_C_LANGUAGE_STANDARD = gnu11;
				GCC_NO_COMMON_BLOCKS = YES;
				GCC_WARN_64_TO_32_BIT_CONVERSION = YES;
				GCC_WARN_ABOUT_RETURN_TYPE = YES_ERROR;
				GCC_WARN_UNDECLARED_SELECTOR = YES;
				GCC_WARN_UNINITIALIZED_AUTOS = YES_AGGRESSIVE;
				GCC_WARN_UNUSED_FUNCTION = YES;
				GCC_WARN_UNUSED_VARIABLE = YES;
				IPHONEOS_DEPLOYMENT_TARGET = 14.5;
				MTL_ENABLE_DEBUG_INFO = NO;
				MTL_FAST_MATH = YES;
				SDKROOT = iphoneos;
				SWIFT_COMPILATION_MODE = wholemodule;
				SWIFT_OPTIMIZATION_LEVEL = "-O";
				VALIDATE_PRODUCT = YES;
			};
			name = Release;
		};
		F4C11251270F677F00B9CECA /* Debug */ = {
			isa = XCBuildConfiguration;
			buildSettings = {
				ASSETCATALOG_COMPILER_APPICON_NAME = AppIcon;
				ASSETCATALOG_COMPILER_GLOBAL_ACCENT_COLOR_NAME = AccentColor;
				CODE_SIGN_STYLE = Automatic;
				DEVELOPMENT_TEAM = 7XLJ4BB85J;
				INFOPLIST_FILE = "Rick and Morty API/Info.plist";
				LD_RUNPATH_SEARCH_PATHS = (
					"$(inherited)",
					"@executable_path/Frameworks",
				);
				PRODUCT_BUNDLE_IDENTIFIER = "S.K.A..Rick-and-Morty-API";
				PRODUCT_NAME = "$(TARGET_NAME)";
				SWIFT_VERSION = 5.0;
				TARGETED_DEVICE_FAMILY = 1;
			};
			name = Debug;
		};
		F4C11252270F677F00B9CECA /* Release */ = {
			isa = XCBuildConfiguration;
			buildSettings = {
				ASSETCATALOG_COMPILER_APPICON_NAME = AppIcon;
				ASSETCATALOG_COMPILER_GLOBAL_ACCENT_COLOR_NAME = AccentColor;
				CODE_SIGN_STYLE = Automatic;
				DEVELOPMENT_TEAM = 7XLJ4BB85J;
				INFOPLIST_FILE = "Rick and Morty API/Info.plist";
				LD_RUNPATH_SEARCH_PATHS = (
					"$(inherited)",
					"@executable_path/Frameworks",
				);
				PRODUCT_BUNDLE_IDENTIFIER = "S.K.A..Rick-and-Morty-API";
				PRODUCT_NAME = "$(TARGET_NAME)";
				SWIFT_VERSION = 5.0;
				TARGETED_DEVICE_FAMILY = 1;
			};
			name = Release;
		};
/* End XCBuildConfiguration section */

/* Begin XCConfigurationList section */
		F4C11237270F677D00B9CECA /* Build configuration list for PBXProject "Rick and Morty API" */ = {
			isa = XCConfigurationList;
			buildConfigurations = (
				F4C1124E270F677F00B9CECA /* Debug */,
				F4C1124F270F677F00B9CECA /* Release */,
			);
			defaultConfigurationIsVisible = 0;
			defaultConfigurationName = Release;
		};
		F4C11250270F677F00B9CECA /* Build configuration list for PBXNativeTarget "Rick and Morty API" */ = {
			isa = XCConfigurationList;
			buildConfigurations = (
				F4C11251270F677F00B9CECA /* Debug */,
				F4C11252270F677F00B9CECA /* Release */,
			);
			defaultConfigurationIsVisible = 0;
			defaultConfigurationName = Release;
		};
/* End XCConfigurationList section */
	};
	rootObject = F4C11234270F677D00B9CECA /* Project object */;
}
